
Microsoft Visual Studio Solution File, Format Version 11.00
# Visual Studio 2010
Project("{F088123C-0E9E-452A-89E6-6BA2F21D5CAC}") = "UML", "UML\UML.modelproj", "{294AD55A-2C7B-4E9A-BF0E-E7771885D427}"
EndProject
Global
	GlobalSection(SolutionConfigurationPlatforms) = preSolution
		Debug|Any CPU = Debug|Any CPU
		Release|Any CPU = Release|Any CPU
	EndGlobalSection
	GlobalSection(ProjectConfigurationPlatforms) = postSolution
		{294AD55A-2C7B-4E9A-BF0E-E7771885D427}.Debug|Any CPU.ActiveCfg = Debug|Any CPU
		{294AD55A-2C7B-4E9A-BF0E-E7771885D427}.Debug|Any CPU.Build.0 = Debug|Any CPU
		{294AD55A-2C7B-4E9A-BF0E-E7771885D427}.Release|Any CPU.ActiveCfg = Release|Any CPU
		{294AD55A-2C7B-4E9A-BF0E-E7771885D427}.Release|Any CPU.Build.0 = Release|Any CPU
	EndGlobalSection
	GlobalSection(SolutionProperties) = preSolution
		HideSolutionNode = FALSE
	EndGlobalSection
EndGlobal
